// !$*UTF8*$!
{
	archiveVersion = 1;
	classes = {
	};
	objectVersion = 55;
	objects = {

/* Begin PBXBuildFile section */
		81D2563D27F37A1C00E02AE9 /* BucketListApp.swift in Sources */ = {isa = PBXBuildFile; fileRef = 81D2563C27F37A1C00E02AE9 /* BucketListApp.swift */; };
		81D2563F27F37A1C00E02AE9 /* ContentView.swift in Sources */ = {isa = PBXBuildFile; fileRef = 81D2563E27F37A1C00E02AE9 /* ContentView.swift */; };
		81D2564127F37A1D00E02AE9 /* Assets.xcassets in Resources */ = {isa = PBXBuildFile; fileRef = 81D2564027F37A1D00E02AE9 /* Assets.xcassets */; };
		81D2564427F37A1D00E02AE9 /* Preview Assets.xcassets in Resources */ = {isa = PBXBuildFile; fileRef = 81D2564327F37A1D00E02AE9 /* Preview Assets.xcassets */; };
		81D2564C27F37AFA00E02AE9 /* ComparableConformance.swift in Sources */ = {isa = PBXBuildFile; fileRef = 81D2564B27F37AFA00E02AE9 /* ComparableConformance.swift */; };
		81D2564E27F3843100E02AE9 /* DocumentsDirectoryExplanation.swift in Sources */ = {isa = PBXBuildFile; fileRef = 81D2564D27F3843100E02AE9 /* DocumentsDirectoryExplanation.swift */; };
		81D2565227F387C800E02AE9 /* FileManager.swift in Sources */ = {isa = PBXBuildFile; fileRef = 81D2565127F387C800E02AE9 /* FileManager.swift */; };
		81D2565427F38E0C00E02AE9 /* SwitchingViewsWithEnums.swift in Sources */ = {isa = PBXBuildFile; fileRef = 81D2565327F38E0C00E02AE9 /* SwitchingViewsWithEnums.swift */; };
		81D2565627F392EF00E02AE9 /* MapKitWithSwiftUI.swift in Sources */ = {isa = PBXBuildFile; fileRef = 81D2565527F392EF00E02AE9 /* MapKitWithSwiftUI.swift */; };
		81D2565827F398DB00E02AE9 /* TouchIDAndFaceID.swift in Sources */ = {isa = PBXBuildFile; fileRef = 81D2565727F398DB00E02AE9 /* TouchIDAndFaceID.swift */; };
		81D2565C27F3B20C00E02AE9 /* Location.swift in Sources */ = {isa = PBXBuildFile; fileRef = 81D2565B27F3B20C00E02AE9 /* Location.swift */; };
		81D2565E27F3BB9A00E02AE9 /* EditView.swift in Sources */ = {isa = PBXBuildFile; fileRef = 81D2565D27F3BB9A00E02AE9 /* EditView.swift */; };
		81D2566027F4AFAE00E02AE9 /* Result.swift in Sources */ = {isa = PBXBuildFile; fileRef = 81D2565F27F4AFAE00E02AE9 /* Result.swift */; };
		81D2566227F4F7A000E02AE9 /* ContentView-ViewModel.swift in Sources */ = {isa = PBXBuildFile; fileRef = 81D2566127F4F7A000E02AE9 /* ContentView-ViewModel.swift */; };
		81D2566427F60DAF00E02AE9 /* EditView-ViewModel.swift in Sources */ = {isa = PBXBuildFile; fileRef = 81D2566327F60DAF00E02AE9 /* EditView-ViewModel.swift */; };
/* End PBXBuildFile section */

/* Begin PBXFileReference section */
		81D2563927F37A1C00E02AE9 /* BucketList.app */ = {isa = PBXFileReference; explicitFileType = wrapper.application; includeInIndex = 0; path = BucketList.app; sourceTree = BUILT_PRODUCTS_DIR; };
		81D2563C27F37A1C00E02AE9 /* BucketListApp.swift */ = {isa = PBXFileReference; lastKnownFileType = sourcecode.swift; path = BucketListApp.swift; sourceTree = "<group>"; };
		81D2563E27F37A1C00E02AE9 /* ContentView.swift */ = {isa = PBXFileReference; lastKnownFileType = sourcecode.swift; path = ContentView.swift; sourceTree = "<group>"; };
		81D2564027F37A1D00E02AE9 /* Assets.xcassets */ = {isa = PBXFileReference; lastKnownFileType = folder.assetcatalog; path = Assets.xcassets; sourceTree = "<group>"; };
		81D2564327F37A1D00E02AE9 /* Preview Assets.xcassets */ = {isa = PBXFileReference; lastKnownFileType = folder.assetcatalog; path = "Preview Assets.xcassets"; sourceTree = "<group>"; };
		81D2564B27F37AFA00E02AE9 /* ComparableConformance.swift */ = {isa = PBXFileReference; lastKnownFileType = sourcecode.swift; path = ComparableConformance.swift; sourceTree = "<group>"; };
		81D2564D27F3843100E02AE9 /* DocumentsDirectoryExplanation.swift */ = {isa = PBXFileReference; lastKnownFileType = sourcecode.swift; path = DocumentsDirectoryExplanation.swift; sourceTree = "<group>"; };
		81D2565127F387C800E02AE9 /* FileManager.swift */ = {isa = PBXFileReference; lastKnownFileType = sourcecode.swift; path = FileManager.swift; sourceTree = "<group>"; };
		81D2565327F38E0C00E02AE9 /* SwitchingViewsWithEnums.swift */ = {isa = PBXFileReference; lastKnownFileType = sourcecode.swift; path = SwitchingViewsWithEnums.swift; sourceTree = "<group>"; };
		81D2565527F392EF00E02AE9 /* MapKitWithSwiftUI.swift */ = {isa = PBXFileReference; lastKnownFileType = sourcecode.swift; path = MapKitWithSwiftUI.swift; sourceTree = "<group>"; };
		81D2565727F398DB00E02AE9 /* TouchIDAndFaceID.swift */ = {isa = PBXFileReference; lastKnownFileType = sourcecode.swift; path = TouchIDAndFaceID.swift; sourceTree = "<group>"; };
		81D2565B27F3B20C00E02AE9 /* Location.swift */ = {isa = PBXFileReference; lastKnownFileType = sourcecode.swift; path = Location.swift; sourceTree = "<group>"; };
		81D2565D27F3BB9A00E02AE9 /* EditView.swift */ = {isa = PBXFileReference; lastKnownFileType = sourcecode.swift; path = EditView.swift; sourceTree = "<group>"; };
		81D2565F27F4AFAE00E02AE9 /* Result.swift */ = {isa = PBXFileReference; lastKnownFileType = sourcecode.swift; path = Result.swift; sourceTree = "<group>"; };
		81D2566127F4F7A000E02AE9 /* ContentView-ViewModel.swift */ = {isa = PBXFileReference; lastKnownFileType = sourcecode.swift; path = "ContentView-ViewModel.swift"; sourceTree = "<group>"; };
		81D2566327F60DAF00E02AE9 /* EditView-ViewModel.swift */ = {isa = PBXFileReference; lastKnownFileType = sourcecode.swift; path = "EditView-ViewModel.swift"; sourceTree = "<group>"; };
/* End PBXFileReference section */

/* Begin PBXFrameworksBuildPhase section */
		81D2563627F37A1C00E02AE9 /* Frameworks */ = {
			isa = PBXFrameworksBuildPhase;
			buildActionMask = 2147483647;
			files = (
			);
			runOnlyForDeploymentPostprocessing = 0;
		};
/* End PBXFrameworksBuildPhase section */

/* Begin PBXGroup section */
		81D2563027F37A1C00E02AE9 = {
			isa = PBXGroup;
			children = (
				81D2563B27F37A1C00E02AE9 /* BucketList */,
				81D2563A27F37A1C00E02AE9 /* Products */,
			);
			sourceTree = "<group>";
		};
		81D2563A27F37A1C00E02AE9 /* Products */ = {
			isa = PBXGroup;
			children = (
				81D2563927F37A1C00E02AE9 /* BucketList.app */,
			);
			name = Products;
			sourceTree = "<group>";
		};
		81D2563B27F37A1C00E02AE9 /* BucketList */ = {
			isa = PBXGroup;
			children = (
				81D2563C27F37A1C00E02AE9 /* BucketListApp.swift */,
				81D2564F27F387AF00E02AE9 /* Extensions */,
				81D2565B27F3B20C00E02AE9 /* Location.swift */,
				81D2565F27F4AFAE00E02AE9 /* Result.swift */,
				81D2566127F4F7A000E02AE9 /* ContentView-ViewModel.swift */,
				81D2563E27F37A1C00E02AE9 /* ContentView.swift */,
				81D2566327F60DAF00E02AE9 /* EditView-ViewModel.swift */,
				81D2565D27F3BB9A00E02AE9 /* EditView.swift */,
				81D2564A27F37A6300E02AE9 /* Explanations */,
				81D2564027F37A1D00E02AE9 /* Assets.xcassets */,
				81D2564227F37A1D00E02AE9 /* Preview Content */,
			);
			path = BucketList;
			sourceTree = "<group>";
		};
		81D2564227F37A1D00E02AE9 /* Preview Content */ = {
			isa = PBXGroup;
			children = (
				81D2564327F37A1D00E02AE9 /* Preview Assets.xcassets */,
			);
			path = "Preview Content";
			sourceTree = "<group>";
		};
		81D2564A27F37A6300E02AE9 /* Explanations */ = {
			isa = PBXGroup;
			children = (
				81D2564B27F37AFA00E02AE9 /* ComparableConformance.swift */,
				81D2564D27F3843100E02AE9 /* DocumentsDirectoryExplanation.swift */,
				81D2565327F38E0C00E02AE9 /* SwitchingViewsWithEnums.swift */,
				81D2565527F392EF00E02AE9 /* MapKitWithSwiftUI.swift */,
				81D2565727F398DB00E02AE9 /* TouchIDAndFaceID.swift */,
			);
			path = Explanations;
			sourceTree = "<group>";
		};
		81D2564F27F387AF00E02AE9 /* Extensions */ = {
			isa = PBXGroup;
			children = (
				81D2565127F387C800E02AE9 /* FileManager.swift */,
			);
			path = Extensions;
			sourceTree = "<group>";
		};
/* End PBXGroup section */

/* Begin PBXNativeTarget section */
		81D2563827F37A1C00E02AE9 /* BucketList */ = {
			isa = PBXNativeTarget;
			buildConfigurationList = 81D2564727F37A1D00E02AE9 /* Build configuration list for PBXNativeTarget "BucketList" */;
			buildPhases = (
				81D2563527F37A1C00E02AE9 /* Sources */,
				81D2563627F37A1C00E02AE9 /* Frameworks */,
				81D2563727F37A1C00E02AE9 /* Resources */,
			);
			buildRules = (
			);
			dependencies = (
			);
			name = BucketList;
			productName = BucketList;
			productReference = 81D2563927F37A1C00E02AE9 /* BucketList.app */;
			productType = "com.apple.product-type.application";
		};
/* End PBXNativeTarget section */

/* Begin PBXProject section */
		81D2563127F37A1C00E02AE9 /* Project object */ = {
			isa = PBXProject;
			attributes = {
				BuildIndependentTargetsInParallel = 1;
				LastSwiftUpdateCheck = 1330;
				LastUpgradeCheck = 1330;
				TargetAttributes = {
					81D2563827F37A1C00E02AE9 = {
						CreatedOnToolsVersion = 13.3;
					};
				};
			};
			buildConfigurationList = 81D2563427F37A1C00E02AE9 /* Build configuration list for PBXProject "BucketList" */;
			compatibilityVersion = "Xcode 13.0";
			developmentRegion = en;
			hasScannedForEncodings = 0;
			knownRegions = (
				en,
				Base,
			);
			mainGroup = 81D2563027F37A1C00E02AE9;
			productRefGroup = 81D2563A27F37A1C00E02AE9 /* Products */;
			projectDirPath = "";
			projectRoot = "";
			targets = (
				81D2563827F37A1C00E02AE9 /* BucketList */,
			);
		};
/* End PBXProject section */

/* Begin PBXResourcesBuildPhase section */
		81D2563727F37A1C00E02AE9 /* Resources */ = {
			isa = PBXResourcesBuildPhase;
			buildActionMask = 2147483647;
			files = (
				81D2564427F37A1D00E02AE9 /* Preview Assets.xcassets in Resources */,
				81D2564127F37A1D00E02AE9 /* Assets.xcassets in Resources */,
			);
			runOnlyForDeploymentPostprocessing = 0;
		};
/* End PBXResourcesBuildPhase section */

/* Begin PBXSourcesBuildPhase section */
		81D2563527F37A1C00E02AE9 /* Sources */ = {
			isa = PBXSourcesBuildPhase;
			buildActionMask = 2147483647;
			files = (
				81D2565827F398DB00E02AE9 /* TouchIDAndFaceID.swift in Sources */,
				81D2566227F4F7A000E02AE9 /* ContentView-ViewModel.swift in Sources */,
				81D2565C27F3B20C00E02AE9 /* Location.swift in Sources */,
				81D2565627F392EF00E02AE9 /* MapKitWithSwiftUI.swift in Sources */,
				81D2565227F387C800E02AE9 /* FileManager.swift in Sources */,
				81D2564E27F3843100E02AE9 /* DocumentsDirectoryExplanation.swift in Sources */,
				81D2565427F38E0C00E02AE9 /* SwitchingViewsWithEnums.swift in Sources */,
				81D2565E27F3BB9A00E02AE9 /* EditView.swift in Sources */,
				81D2563F27F37A1C00E02AE9 /* ContentView.swift in Sources */,
				81D2566427F60DAF00E02AE9 /* EditView-ViewModel.swift in Sources */,
				81D2563D27F37A1C00E02AE9 /* BucketListApp.swift in Sources */,
				81D2564C27F37AFA00E02AE9 /* ComparableConformance.swift in Sources */,
				81D2566027F4AFAE00E02AE9 /* Result.swift in Sources */,
			);
			runOnlyForDeploymentPostprocessing = 0;
		};
/* End PBXSourcesBuildPhase section */

/* Begin XCBuildConfiguration section */
		81D2564527F37A1D00E02AE9 /* Debug */ = {
			isa = XCBuildConfiguration;
			buildSettings = {
				ALWAYS_SEARCH_USER_PATHS = NO;
				CLANG_ANALYZER_NONNULL = YES;
				CLANG_ANALYZER_NUMBER_OBJECT_CONVERSION = YES_AGGRESSIVE;
				CLANG_CXX_LANGUAGE_STANDARD = "gnu++17";
				CLANG_ENABLE_MODULES = YES;
				CLANG_ENABLE_OBJC_ARC = YES;
				CLANG_ENABLE_OBJC_WEAK = YES;
				CLANG_WARN_BLOCK_CAPTURE_AUTORELEASING = YES;
				CLANG_WARN_BOOL_CONVERSION = YES;
				CLANG_WARN_COMMA = YES;
				CLANG_WARN_CONSTANT_CONVERSION = YES;
				CLANG_WARN_DEPRECATED_OBJC_IMPLEMENTATIONS = YES;
				CLANG_WARN_DIRECT_OBJC_ISA_USAGE = YES_ERROR;
				CLANG_WARN_DOCUMENTATION_COMMENTS = YES;
				CLANG_WARN_EMPTY_BODY = YES;
				CLANG_WARN_ENUM_CONVERSION = YES;
				CLANG_WARN_INFINITE_RECURSION = YES;
				CLANG_WARN_INT_CONVERSION = YES;
				CLANG_WARN_NON_LITERAL_NULL_CONVERSION = YES;
				CLANG_WARN_OBJC_IMPLICIT_RETAIN_SELF = YES;
				CLANG_WARN_OBJC_LITERAL_CONVERSION = YES;
				CLANG_WARN_OBJC_ROOT_CLASS = YES_ERROR;
				CLANG_WARN_QUOTED_INCLUDE_IN_FRAMEWORK_HEADER = YES;
				CLANG_WARN_RANGE_LOOP_ANALYSIS = YES;
				CLANG_WARN_STRICT_PROTOTYPES = YES;
				CLANG_WARN_SUSPICIOUS_MOVE = YES;
				CLANG_WARN_UNGUARDED_AVAILABILITY = YES_AGGRESSIVE;
				CLANG_WARN_UNREACHABLE_CODE = YES;
				CLANG_WARN__DUPLICATE_METHOD_MATCH = YES;
				COPY_PHASE_STRIP = NO;
				DEBUG_INFORMATION_FORMAT = dwarf;
				ENABLE_STRICT_OBJC_MSGSEND = YES;
				ENABLE_TESTABILITY = YES;
				GCC_C_LANGUAGE_STANDARD = gnu11;
				GCC_DYNAMIC_NO_PIC = NO;
				GCC_NO_COMMON_BLOCKS = YES;
				GCC_OPTIMIZATION_LEVEL = 0;
				GCC_PREPROCESSOR_DEFINITIONS = (
					"DEBUG=1",
					"$(inherited)",
				);
				GCC_WARN_64_TO_32_BIT_CONVERSION = YES;
				GCC_WARN_ABOUT_RETURN_TYPE = YES_ERROR;
				GCC_WARN_UNDECLARED_SELECTOR = YES;
				GCC_WARN_UNINITIALIZED_AUTOS = YES_AGGRESSIVE;
				GCC_WARN_UNUSED_FUNCTION = YES;
				GCC_WARN_UNUSED_VARIABLE = YES;
				IPHONEOS_DEPLOYMENT_TARGET = 15.4;
				MTL_ENABLE_DEBUG_INFO = INCLUDE_SOURCE;
				MTL_FAST_MATH = YES;
				ONLY_ACTIVE_ARCH = YES;
				SDKROOT = iphoneos;
				SWIFT_ACTIVE_COMPILATION_CONDITIONS = DEBUG;
				SWIFT_OPTIMIZATION_LEVEL = "-Onone";
			};
			name = Debug;
		};
		81D2564627F37A1D00E02AE9 /* Release */ = {
			isa = XCBuildConfiguration;
			buildSettings = {
				ALWAYS_SEARCH_USER_PATHS = NO;
				CLANG_ANALYZER_NONNULL = YES;
				CLANG_ANALYZER_NUMBER_OBJECT_CONVERSION = YES_AGGRESSIVE;
				CLANG_CXX_LANGUAGE_STANDARD = "gnu++17";
				CLANG_ENABLE_MODULES = YES;
				CLANG_ENABLE_OBJC_ARC = YES;
				CLANG_ENABLE_OBJC_WEAK = YES;
				CLANG_WARN_BLOCK_CAPTURE_AUTORELEASING = YES;
				CLANG_WARN_BOOL_CONVERSION = YES;
				CLANG_WARN_COMMA = YES;
				CLANG_WARN_CONSTANT_CONVERSION = YES;
				CLANG_WARN_DEPRECATED_OBJC_IMPLEMENTATIONS = YES;
				CLANG_WARN_DIRECT_OBJC_ISA_USAGE = YES_ERROR;
				CLANG_WARN_DOCUMENTATION_COMMENTS = YES;
				CLANG_WARN_EMPTY_BODY = YES;
				CLANG_WARN_ENUM_CONVERSION = YES;
				CLANG_WARN_INFINITE_RECURSION = YES;
				CLANG_WARN_INT_CONVERSION = YES;
				CLANG_WARN_NON_LITERAL_NULL_CONVERSION = YES;
				CLANG_WARN_OBJC_IMPLICIT_RETAIN_SELF = YES;
				CLANG_WARN_OBJC_LITERAL_CONVERSION = YES;
				CLANG_WARN_OBJC_ROOT_CLASS = YES_ERROR;
				CLANG_WARN_QUOTED_INCLUDE_IN_FRAMEWORK_HEADER = YES;
				CLANG_WARN_RANGE_LOOP_ANALYSIS = YES;
				CLANG_WARN_STRICT_PROTOTYPES = YES;
				CLANG_WARN_SUSPICIOUS_MOVE = YES;
				CLANG_WARN_UNGUARDED_AVAILABILITY = YES_AGGRESSIVE;
				CLANG_WARN_UNREACHABLE_CODE = YES;
				CLANG_WARN__DUPLICATE_METHOD_MATCH = YES;
				COPY_PHASE_STRIP = NO;
				DEBUG_INFORMATION_FORMAT = "dwarf-with-dsym";
				ENABLE_NS_ASSERTIONS = NO;
				ENABLE_STRICT_OBJC_MSGSEND = YES;
				GCC_C_LANGUAGE_STANDARD = gnu11;
				GCC_NO_COMMON_BLOCKS = YES;
				GCC_WARN_64_TO_32_BIT_CONVERSION = YES;
				GCC_WARN_ABOUT_RETURN_TYPE = YES_ERROR;
				GCC_WARN_UNDECLARED_SELECTOR = YES;
				GCC_WARN_UNINITIALIZED_AUTOS = YES_AGGRESSIVE;
				GCC_WARN_UNUSED_FUNCTION = YES;
				GCC_WARN_UNUSED_VARIABLE = YES;
				IPHONEOS_DEPLOYMENT_TARGET = 15.4;
				MTL_ENABLE_DEBUG_INFO = NO;
				MTL_FAST_MATH = YES;
				SDKROOT = iphoneos;
				SWIFT_COMPILATION_MODE = wholemodule;
				SWIFT_OPTIMIZATION_LEVEL = "-O";
				VALIDATE_PRODUCT = YES;
			};
			name = Release;
		};
		81D2564827F37A1D00E02AE9 /* Debug */ = {
			isa = XCBuildConfiguration;
			buildSettings = {
				ASSETCATALOG_COMPILER_APPICON_NAME = AppIcon;
				ASSETCATALOG_COMPILER_GLOBAL_ACCENT_COLOR_NAME = AccentColor;
				CODE_SIGN_STYLE = Automatic;
				CURRENT_PROJECT_VERSION = 1;
				DEVELOPMENT_ASSET_PATHS = "\"BucketList/Preview Content\"";
				DEVELOPMENT_TEAM = 8RKLM75R2Q;
				ENABLE_PREVIEWS = YES;
				GENERATE_INFOPLIST_FILE = YES;
				INFOPLIST_KEY_NSFaceIDUsageDescription = "Please authenticate yourself to unlock your places.";
				INFOPLIST_KEY_UIApplicationSceneManifest_Generation = YES;
				INFOPLIST_KEY_UIApplicationSupportsIndirectInputEvents = YES;
				INFOPLIST_KEY_UILaunchScreen_Generation = YES;
				INFOPLIST_KEY_UISupportedInterfaceOrientations_iPad = "UIInterfaceOrientationPortrait UIInterfaceOrientationPortraitUpsideDown UIInterfaceOrientationLandscapeLeft UIInterfaceOrientationLandscapeRight";
				INFOPLIST_KEY_UISupportedInterfaceOrientations_iPhone = "UIInterfaceOrientationPortrait UIInterfaceOrientationLandscapeLeft UIInterfaceOrientationLandscapeRight";
				IPHONEOS_DEPLOYMENT_TARGET = 15.3;
				LD_RUNPATH_SEARCH_PATHS = (
					"$(inherited)",
					"@executable_path/Frameworks",
				);
				MARKETING_VERSION = 1.0;
				PRODUCT_BUNDLE_IDENTIFIER = com.andresraigoza.BucketList;
				PRODUCT_NAME = "$(TARGET_NAME)";
				SWIFT_EMIT_LOC_STRINGS = YES;
				SWIFT_VERSION = 5.0;
				TARGETED_DEVICE_FAMILY = "1,2";
			};
			name = Debug;
		};
		81D2564927F37A1D00E02AE9 /* Release */ = {
			isa = XCBuildConfiguration;
			buildSettings = {
				ASSETCATALOG_COMPILER_APPICON_NAME = AppIcon;
				ASSETCATALOG_COMPILER_GLOBAL_ACCENT_COLOR_NAME = AccentColor;
				CODE_SIGN_STYLE = Automatic;
				CURRENT_PROJECT_VERSION = 1;
				DEVELOPMENT_ASSET_PATHS = "\"BucketList/Preview Content\"";
				DEVELOPMENT_TEAM = 8RKLM75R2Q;
				ENABLE_PREVIEWS = YES;
				GENERATE_INFOPLIST_FILE = YES;
				INFOPLIST_KEY_NSFaceIDUsageDescription = "Please authenticate yourself to unlock your places.";
				INFOPLIST_KEY_UIApplicationSceneManifest_Generation = YES;
				INFOPLIST_KEY_UIApplicationSupportsIndirectInputEvents = YES;
				INFOPLIST_KEY_UILaunchScreen_Generation = YES;
				INFOPLIST_KEY_UISupportedInterfaceOrientations_iPad = "UIInterfaceOrientationPortrait UIInterfaceOrientationPortraitUpsideDown UIInterfaceOrientationLandscapeLeft UIInterfaceOrientationLandscapeRight";
				INFOPLIST_KEY_UISupportedInterfaceOrientations_iPhone = "UIInterfaceOrientationPortrait UIInterfaceOrientationLandscapeLeft UIInterfaceOrientationLandscapeRight";
				IPHONEOS_DEPLOYMENT_TARGET = 15.3;
				LD_RUNPATH_SEARCH_PATHS = (
					"$(inherited)",
					"@executable_path/Frameworks",
				);
				MARKETING_VERSION = 1.0;
				PRODUCT_BUNDLE_IDENTIFIER = com.andresraigoza.BucketList;
				PRODUCT_NAME = "$(TARGET_NAME)";
				SWIFT_EMIT_LOC_STRINGS = YES;
				SWIFT_VERSION = 5.0;
				TARGETED_DEVICE_FAMILY = "1,2";
			};
			name = Release;
		};
/* End XCBuildConfiguration section */

/* Begin XCConfigurationList section */
		81D2563427F37A1C00E02AE9 /* Build configuration list for PBXProject "BucketList" */ = {
			isa = XCConfigurationList;
			buildConfigurations = (
				81D2564527F37A1D00E02AE9 /* Debug */,
				81D2564627F37A1D00E02AE9 /* Release */,
			);
			defaultConfigurationIsVisible = 0;
			defaultConfigurationName = Release;
		};
		81D2564727F37A1D00E02AE9 /* Build configuration list for PBXNativeTarget "BucketList" */ = {
			isa = XCConfigurationList;
			buildConfigurations = (
				81D2564827F37A1D00E02AE9 /* Debug */,
				81D2564927F37A1D00E02AE9 /* Release */,
			);
			defaultConfigurationIsVisible = 0;
			defaultConfigurationName = Release;
		};
/* End XCConfigurationList section */
	};
	rootObject = 81D2563127F37A1C00E02AE9 /* Project object */;
}
